github.com/nikchis/discord-log v1.0.1 h1:gn3ql9UWR4IzfXdLptgdhZi5odNNMHY54Odf/vY6mOE=
github.com/nikchis/discord-log v1.0.1/go.mod h1:7eiHflLNjCge948ifhPrH79lOx2QwFD/g+nHy1q4ByU=
github.com/streadway/amqp v0.0.0-20200108173154-1c71cc93ed71 h1:2MR0pKUzlP3SGgj5NYJe/zRYDwOu9ku6YHy+Iw7l5DM=
github.com/streadway/amqp v0.0.0-20200108173154-1c71cc93ed71/go.mod h1:AZpEONHx3DKn8O/DFsRAY58/XVQiIPMTMB1SddzLXVw=
